
Microsoft Visual Studio Solution File, Format Version 12.00
# Visual Studio 14
VisualStudioVersion = 14.0.25420.1
MinimumVisualStudioVersion = 10.0.40219.1
Project("{2150E333-8FDC-42A3-9474-1A3956D46DE8}") = "src", "src", "{1B232816-11BB-4992-9AB0-1E1D53A60C3A}"
EndProject
Project("{2150E333-8FDC-42A3-9474-1A3956D46DE8}") = "Solution Items", "Solution Items", "{B7B72FE4-1122-48D6-B992-91D048ED79F7}"
	ProjectSection(SolutionItems) = preProject
		global.json = global.json
		README.md = README.md
	EndProjectSection
EndProject
Project("{8BB2217D-0F2D-49D1-97BC-3654ED321F3B}") = "React-Typescript-ASP.NetCore", "src\React-Typescript-ASP.NetCore\React-Typescript-ASP.NetCore.xproj", "{C1526E9C-A870-4584-B36B-B07C343B2347}"
EndProject
Global
	GlobalSection(SolutionConfigurationPlatforms) = preSolution
		Debug|Any CPU = Debug|Any CPU
		Release|Any CPU = Release|Any CPU
	EndGlobalSection
	GlobalSection(ProjectConfigurationPlatforms) = postSolution
		{C1526E9C-A870-4584-B36B-B07C343B2347}.Debug|Any CPU.ActiveCfg = Debug|Any CPU
		{C1526E9C-A870-4584-B36B-B07C343B2347}.Debug|Any CPU.Build.0 = Debug|Any CPU
		{C1526E9C-A870-4584-B36B-B07C343B2347}.Release|Any CPU.ActiveCfg = Release|Any CPU
		{C1526E9C-A870-4584-B36B-B07C343B2347}.Release|Any CPU.Build.0 = Release|Any CPU
	EndGlobalSection
	GlobalSection(SolutionProperties) = preSolution
		HideSolutionNode = FALSE
	EndGlobalSection
	GlobalSection(NestedProjects) = preSolution
		{C1526E9C-A870-4584-B36B-B07C343B2347} = {1B232816-11BB-4992-9AB0-1E1D53A60C3A}
	EndGlobalSection
EndGlobal
